
Microsoft Visual Studio Solution File, Format Version 11.00
# Visual Studio 2010
Project("{E24C65DC-7377-472B-9ABA-BC803B73C61A}") = "PowerPinboard", ".", "{1AC7A0B5-3804-4641-AE28-B7ABE29B6AF3}"
	ProjectSection(WebsiteProperties) = preProject
		Frontpage = "false"
		TargetFrameworkMoniker = ".NETFramework,Version%3Dv4.0"
		Debug.AspNetCompiler.VirtualPath = "/PowerPinboard"
		Debug.AspNetCompiler.PhysicalPath = "..\PowerPinboard\"
		Debug.AspNetCompiler.TargetPath = "PrecompiledWeb\PowerPinboard\"
		Debug.AspNetCompiler.Updateable = "true"
		Debug.AspNetCompiler.ForceOverwrite = "true"
		Debug.AspNetCompiler.FixedNames = "false"
		Debug.AspNetCompiler.Debug = "True"
		Release.AspNetCompiler.VirtualPath = "/PowerPinboard"
		Release.AspNetCompiler.PhysicalPath = "..\PowerPinboard\"
		Release.AspNetCompiler.TargetPath = "PrecompiledWeb\PowerPinboard\"
		Release.AspNetCompiler.Updateable = "true"
		Release.AspNetCompiler.ForceOverwrite = "true"
		Release.AspNetCompiler.FixedNames = "false"
		Release.AspNetCompiler.Debug = "False"
		VWDPort = "4298"
	EndProjectSection
EndProject
Global
	GlobalSection(SolutionConfigurationPlatforms) = preSolution
		Debug|Any CPU = Debug|Any CPU
	EndGlobalSection
	GlobalSection(ProjectConfigurationPlatforms) = postSolution
		{1AC7A0B5-3804-4641-AE28-B7ABE29B6AF3}.Debug|Any CPU.ActiveCfg = Debug|Any CPU
		{1AC7A0B5-3804-4641-AE28-B7ABE29B6AF3}.Debug|Any CPU.Build.0 = Debug|Any CPU
	EndGlobalSection
	GlobalSection(SolutionProperties) = preSolution
		HideSolutionNode = FALSE
	EndGlobalSection
EndGlobal
